
Microsoft Visual Studio Solution File, Format Version 12.00
# Visual Studio Version 17
VisualStudioVersion = 17.10.35027.167
MinimumVisualStudioVersion = 10.0.40219.1
Project("{FAE04EC0-301F-11D3-BF4B-00C04F79EFBC}") = "E-CommerceAppMVC", "E-CommerceAppMVC\E-CommerceAppMVC.csproj", "{EDE776A1-86E1-4F27-90FE-1A827353EAF8}"
EndProject
Global
	GlobalSection(SolutionConfigurationPlatforms) = preSolution
		Debug|Any CPU = Debug|Any CPU
		Release|Any CPU = Release|Any CPU
	EndGlobalSection
	GlobalSection(ProjectConfigurationPlatforms) = postSolution
		{EDE776A1-86E1-4F27-90FE-1A827353EAF8}.Debug|Any CPU.ActiveCfg = Debug|Any CPU
		{EDE776A1-86E1-4F27-90FE-1A827353EAF8}.Debug|Any CPU.Build.0 = Debug|Any CPU
		{EDE776A1-86E1-4F27-90FE-1A827353EAF8}.Release|Any CPU.ActiveCfg = Release|Any CPU
		{EDE776A1-86E1-4F27-90FE-1A827353EAF8}.Release|Any CPU.Build.0 = Release|Any CPU
	EndGlobalSection
	GlobalSection(SolutionProperties) = preSolution
		HideSolutionNode = FALSE
	EndGlobalSection
	GlobalSection(ExtensibilityGlobals) = postSolution
		SolutionGuid = {8358852E-6CFB-4E57-9C51-58644F503ACD}
	EndGlobalSection
EndGlobal
